
Microsoft Visual Studio Solution File, Format Version 12.00
# Visual Studio 15
VisualStudioVersion = 15.0.27428.2037
MinimumVisualStudioVersion = 10.0.40219.1
Project("{FAE04EC0-301F-11D3-BF4B-00C04F79EFBC}") = "ClueLessServer", "ClueLessServer\ClueLessServer.csproj", "{B5DC8F1F-D30F-411D-81F5-32194D5E6635}"
EndProject
Project("{FAE04EC0-301F-11D3-BF4B-00C04F79EFBC}") = "ClueLessServer.Tests", "ClueLessServer.Tests\ClueLessServer.Tests.csproj", "{1B308A2B-68C6-4CC0-BB03-AB92F782EFAF}"
EndProject
Global
	GlobalSection(SolutionConfigurationPlatforms) = preSolution
		Debug|Any CPU = Debug|Any CPU
		Release|Any CPU = Release|Any CPU
	EndGlobalSection
	GlobalSection(ProjectConfigurationPlatforms) = postSolution
		{B5DC8F1F-D30F-411D-81F5-32194D5E6635}.Debug|Any CPU.ActiveCfg = Debug|Any CPU
		{B5DC8F1F-D30F-411D-81F5-32194D5E6635}.Debug|Any CPU.Build.0 = Debug|Any CPU
		{B5DC8F1F-D30F-411D-81F5-32194D5E6635}.Release|Any CPU.ActiveCfg = Release|Any CPU
		{B5DC8F1F-D30F-411D-81F5-32194D5E6635}.Release|Any CPU.Build.0 = Release|Any CPU
		{1B308A2B-68C6-4CC0-BB03-AB92F782EFAF}.Debug|Any CPU.ActiveCfg = Debug|Any CPU
		{1B308A2B-68C6-4CC0-BB03-AB92F782EFAF}.Debug|Any CPU.Build.0 = Debug|Any CPU
		{1B308A2B-68C6-4CC0-BB03-AB92F782EFAF}.Release|Any CPU.ActiveCfg = Release|Any CPU
		{1B308A2B-68C6-4CC0-BB03-AB92F782EFAF}.Release|Any CPU.Build.0 = Release|Any CPU
	EndGlobalSection
	GlobalSection(SolutionProperties) = preSolution
		HideSolutionNode = FALSE
	EndGlobalSection
	GlobalSection(ExtensibilityGlobals) = postSolution
		SolutionGuid = {08246CFF-F90D-4638-B350-A642D4B67CFC}
	EndGlobalSection
EndGlobal
